// !$*UTF8*$!
{
	archiveVersion = 1;
	classes = {
	};
	objectVersion = 48;
	objects = {

/* Begin PBXBuildFile section */
		DA8750F41FBF947F00438987 /* AppDelegate.m in Sources */ = {isa = PBXBuildFile; fileRef = DA8750F31FBF947F00438987 /* AppDelegate.m */; };
		DA8750F71FBF947F00438987 /* ViewController.m in Sources */ = {isa = PBXBuildFile; fileRef = DA8750F61FBF947F00438987 /* ViewController.m */; };
		DA8750FA1FBF947F00438987 /* Main.storyboard in Resources */ = {isa = PBXBuildFile; fileRef = DA8750F81FBF947F00438987 /* Main.storyboard */; };
		DA8750FC1FBF947F00438987 /* Assets.xcassets in Resources */ = {isa = PBXBuildFile; fileRef = DA8750FB1FBF947F00438987 /* Assets.xcassets */; };
		DA8750FF1FBF947F00438987 /* LaunchScreen.storyboard in Resources */ = {isa = PBXBuildFile; fileRef = DA8750FD1FBF947F00438987 /* LaunchScreen.storyboard */; };
		DA8751021FBF947F00438987 /* main.m in Sources */ = {isa = PBXBuildFile; fileRef = DA8751011FBF947F00438987 /* main.m */; };
		DA87510D1FBF967000438987 /* Alcohol.m in Sources */ = {isa = PBXBuildFile; fileRef = DA87510C1FBF967000438987 /* Alcohol.m */; };
/* End PBXBuildFile section */

/* Begin PBXFileReference section */
		DA8750EF1FBF947E00438987 /* LCBO App.app */ = {isa = PBXFileReference; explicitFileType = wrapper.application; includeInIndex = 0; path = "LCBO App.app"; sourceTree = BUILT_PRODUCTS_DIR; };
		DA8750F21FBF947F00438987 /* AppDelegate.h */ = {isa = PBXFileReference; lastKnownFileType = sourcecode.c.h; path = AppDelegate.h; sourceTree = "<group>"; };
		DA8750F31FBF947F00438987 /* AppDelegate.m */ = {isa = PBXFileReference; lastKnownFileType = sourcecode.c.objc; path = AppDelegate.m; sourceTree = "<group>"; };
		DA8750F51FBF947F00438987 /* ViewController.h */ = {isa = PBXFileReference; lastKnownFileType = sourcecode.c.h; path = ViewController.h; sourceTree = "<group>"; };
		DA8750F61FBF947F00438987 /* ViewController.m */ = {isa = PBXFileReference; lastKnownFileType = sourcecode.c.objc; path = ViewController.m; sourceTree = "<group>"; };
		DA8750F91FBF947F00438987 /* Base */ = {isa = PBXFileReference; lastKnownFileType = file.storyboard; name = Base; path = Base.lproj/Main.storyboard; sourceTree = "<group>"; };
		DA8750FB1FBF947F00438987 /* Assets.xcassets */ = {isa = PBXFileReference; lastKnownFileType = folder.assetcatalog; path = Assets.xcassets; sourceTree = "<group>"; };
		DA8750FE1FBF947F00438987 /* Base */ = {isa = PBXFileReference; lastKnownFileType = file.storyboard; name = Base; path = Base.lproj/LaunchScreen.storyboard; sourceTree = "<group>"; };
		DA8751001FBF947F00438987 /* Info.plist */ = {isa = PBXFileReference; lastKnownFileType = text.plist.xml; path = Info.plist; sourceTree = "<group>"; };
		DA8751011FBF947F00438987 /* main.m */ = {isa = PBXFileReference; lastKnownFileType = sourcecode.c.objc; path = main.m; sourceTree = "<group>"; };
		DA87510B1FBF967000438987 /* Alcohol.h */ = {isa = PBXFileReference; lastKnownFileType = sourcecode.c.h; path = Alcohol.h; sourceTree = "<group>"; };
		DA87510C1FBF967000438987 /* Alcohol.m */ = {isa = PBXFileReference; lastKnownFileType = sourcecode.c.objc; path = Alcohol.m; sourceTree = "<group>"; };
		DA87510E1FBF9D7500438987 /* Secret.h */ = {isa = PBXFileReference; lastKnownFileType = sourcecode.c.h; path = Secret.h; sourceTree = "<group>"; };
/* End PBXFileReference section */

/* Begin PBXFrameworksBuildPhase section */
		DA8750EC1FBF947E00438987 /* Frameworks */ = {
			isa = PBXFrameworksBuildPhase;
			buildActionMask = 2147483647;
			files = (
			);
			runOnlyForDeploymentPostprocessing = 0;
		};
/* End PBXFrameworksBuildPhase section */

/* Begin PBXGroup section */
		DA8750E61FBF947E00438987 = {
			isa = PBXGroup;
			children = (
				DA8750F11FBF947E00438987 /* LCBO App */,
				DA8750F01FBF947E00438987 /* Products */,
			);
			sourceTree = "<group>";
		};
		DA8750F01FBF947E00438987 /* Products */ = {
			isa = PBXGroup;
			children = (
				DA8750EF1FBF947E00438987 /* LCBO App.app */,
			);
			name = Products;
			sourceTree = "<group>";
		};
		DA8750F11FBF947E00438987 /* LCBO App */ = {
			isa = PBXGroup;
			children = (
				DA87510A1FBF951F00438987 /* View */,
				DA8751091FBF951800438987 /* Controller */,
				DA8751081FBF951300438987 /* Model */,
				DA8750F21FBF947F00438987 /* AppDelegate.h */,
				DA8750F31FBF947F00438987 /* AppDelegate.m */,
				DA8750FB1FBF947F00438987 /* Assets.xcassets */,
				DA8750FD1FBF947F00438987 /* LaunchScreen.storyboard */,
				DA8751001FBF947F00438987 /* Info.plist */,
				DA8751011FBF947F00438987 /* main.m */,
			);
			path = "LCBO App";
			sourceTree = "<group>";
		};
		DA8751081FBF951300438987 /* Model */ = {
			isa = PBXGroup;
			children = (
				DA87510B1FBF967000438987 /* Alcohol.h */,
				DA87510C1FBF967000438987 /* Alcohol.m */,
				DA87510E1FBF9D7500438987 /* Secret.h */,
			);
			path = Model;
			sourceTree = "<group>";
		};
		DA8751091FBF951800438987 /* Controller */ = {
			isa = PBXGroup;
			children = (
				DA8750F51FBF947F00438987 /* ViewController.h */,
				DA8750F61FBF947F00438987 /* ViewController.m */,
			);
			path = Controller;
			sourceTree = "<group>";
		};
		DA87510A1FBF951F00438987 /* View */ = {
			isa = PBXGroup;
			children = (
				DA8750F81FBF947F00438987 /* Main.storyboard */,
			);
			path = View;
			sourceTree = "<group>";
		};
/* End PBXGroup section */

/* Begin PBXNativeTarget section */
		DA8750EE1FBF947E00438987 /* LCBO App */ = {
			isa = PBXNativeTarget;
			buildConfigurationList = DA8751051FBF947F00438987 /* Build configuration list for PBXNativeTarget "LCBO App" */;
			buildPhases = (
				DA8750EB1FBF947E00438987 /* Sources */,
				DA8750EC1FBF947E00438987 /* Frameworks */,
				DA8750ED1FBF947E00438987 /* Resources */,
			);
			buildRules = (
			);
			dependencies = (
			);
			name = "LCBO App";
			productName = "LCBO App";
			productReference = DA8750EF1FBF947E00438987 /* LCBO App.app */;
			productType = "com.apple.product-type.application";
		};
/* End PBXNativeTarget section */

/* Begin PBXProject section */
		DA8750E71FBF947E00438987 /* Project object */ = {
			isa = PBXProject;
			attributes = {
				LastUpgradeCheck = 0910;
				ORGANIZATIONNAME = Paul;
				TargetAttributes = {
					DA8750EE1FBF947E00438987 = {
						CreatedOnToolsVersion = 9.1;
						ProvisioningStyle = Automatic;
					};
				};
			};
			buildConfigurationList = DA8750EA1FBF947E00438987 /* Build configuration list for PBXProject "LCBO App" */;
			compatibilityVersion = "Xcode 8.0";
			developmentRegion = en;
			hasScannedForEncodings = 0;
			knownRegions = (
				en,
				Base,
			);
			mainGroup = DA8750E61FBF947E00438987;
			productRefGroup = DA8750F01FBF947E00438987 /* Products */;
			projectDirPath = "";
			projectRoot = "";
			targets = (
				DA8750EE1FBF947E00438987 /* LCBO App */,
			);
		};
/* End PBXProject section */

/* Begin PBXResourcesBuildPhase section */
		DA8750ED1FBF947E00438987 /* Resources */ = {
			isa = PBXResourcesBuildPhase;
			buildActionMask = 2147483647;
			files = (
				DA8750FF1FBF947F00438987 /* LaunchScreen.storyboard in Resources */,
				DA8750FC1FBF947F00438987 /* Assets.xcassets in Resources */,
				DA8750FA1FBF947F00438987 /* Main.storyboard in Resources */,
			);
			runOnlyForDeploymentPostprocessing = 0;
		};
/* End PBXResourcesBuildPhase section */

/* Begin PBXSourcesBuildPhase section */
		DA8750EB1FBF947E00438987 /* Sources */ = {
			isa = PBXSourcesBuildPhase;
			buildActionMask = 2147483647;
			files = (
				DA8750F71FBF947F00438987 /* ViewController.m in Sources */,
				DA8751021FBF947F00438987 /* main.m in Sources */,
				DA87510D1FBF967000438987 /* Alcohol.m in Sources */,
				DA8750F41FBF947F00438987 /* AppDelegate.m in Sources */,
			);
			runOnlyForDeploymentPostprocessing = 0;
		};
/* End PBXSourcesBuildPhase section */

/* Begin PBXVariantGroup section */
		DA8750F81FBF947F00438987 /* Main.storyboard */ = {
			isa = PBXVariantGroup;
			children = (
				DA8750F91FBF947F00438987 /* Base */,
			);
			name = Main.storyboard;
			sourceTree = "<group>";
		};
		DA8750FD1FBF947F00438987 /* LaunchScreen.storyboard */ = {
			isa = PBXVariantGroup;
			children = (
				DA8750FE1FBF947F00438987 /* Base */,
			);
			name = LaunchScreen.storyboard;
			sourceTree = "<group>";
		};
/* End PBXVariantGroup section */

/* Begin XCBuildConfiguration section */
		DA8751031FBF947F00438987 /* Debug */ = {
			isa = XCBuildConfiguration;
			buildSettings = {
				ALWAYS_SEARCH_USER_PATHS = NO;
				CLANG_ANALYZER_NONNULL = YES;
				CLANG_ANALYZER_NUMBER_OBJECT_CONVERSION = YES_AGGRESSIVE;
				CLANG_CXX_LANGUAGE_STANDARD = "gnu++14";
				CLANG_CXX_LIBRARY = "libc++";
				CLANG_ENABLE_MODULES = YES;
				CLANG_ENABLE_OBJC_ARC = YES;
				CLANG_WARN_BLOCK_CAPTURE_AUTORELEASING = YES;
				CLANG_WARN_BOOL_CONVERSION = YES;
				CLANG_WARN_COMMA = YES;
				CLANG_WARN_CONSTANT_CONVERSION = YES;
				CLANG_WARN_DIRECT_OBJC_ISA_USAGE = YES_ERROR;
				CLANG_WARN_DOCUMENTATION_COMMENTS = YES;
				CLANG_WARN_EMPTY_BODY = YES;
				CLANG_WARN_ENUM_CONVERSION = YES;
				CLANG_WARN_INFINITE_RECURSION = YES;
				CLANG_WARN_INT_CONVERSION = YES;
				CLANG_WARN_NON_LITERAL_NULL_CONVERSION = YES;
				CLANG_WARN_OBJC_LITERAL_CONVERSION = YES;
				CLANG_WARN_OBJC_ROOT_CLASS = YES_ERROR;
				CLANG_WARN_RANGE_LOOP_ANALYSIS = YES;
				CLANG_WARN_STRICT_PROTOTYPES = YES;
				CLANG_WARN_SUSPICIOUS_MOVE = YES;
				CLANG_WARN_UNGUARDED_AVAILABILITY = YES_AGGRESSIVE;
				CLANG_WARN_UNREACHABLE_CODE = YES;
				CLANG_WARN__DUPLICATE_METHOD_MATCH = YES;
				CODE_SIGN_IDENTITY = "iPhone Developer";
				COPY_PHASE_STRIP = NO;
				DEBUG_INFORMATION_FORMAT = dwarf;
				ENABLE_STRICT_OBJC_MSGSEND = YES;
				ENABLE_TESTABILITY = YES;
				GCC_C_LANGUAGE_STANDARD = gnu11;
				GCC_DYNAMIC_NO_PIC = NO;
				GCC_NO_COMMON_BLOCKS = YES;
				GCC_OPTIMIZATION_LEVEL = 0;
				GCC_PREPROCESSOR_DEFINITIONS = (
					"DEBUG=1",
					"$(inherited)",
				);
				GCC_WARN_64_TO_32_BIT_CONVERSION = YES;
				GCC_WARN_ABOUT_RETURN_TYPE = YES_ERROR;
				GCC_WARN_UNDECLARED_SELECTOR = YES;
				GCC_WARN_UNINITIALIZED_AUTOS = YES_AGGRESSIVE;
				GCC_WARN_UNUSED_FUNCTION = YES;
				GCC_WARN_UNUSED_VARIABLE = YES;
				IPHONEOS_DEPLOYMENT_TARGET = 11.1;
				MTL_ENABLE_DEBUG_INFO = YES;
				ONLY_ACTIVE_ARCH = YES;
				SDKROOT = iphoneos;
			};
			name = Debug;
		};
		DA8751041FBF947F00438987 /* Release */ = {
			isa = XCBuildConfiguration;
			buildSettings = {
				ALWAYS_SEARCH_USER_PATHS = NO;
				CLANG_ANALYZER_NONNULL = YES;
				CLANG_ANALYZER_NUMBER_OBJECT_CONVERSION = YES_AGGRESSIVE;
				CLANG_CXX_LANGUAGE_STANDARD = "gnu++14";
				CLANG_CXX_LIBRARY = "libc++";
				CLANG_ENABLE_MODULES = YES;
				CLANG_ENABLE_OBJC_ARC = YES;
				CLANG_WARN_BLOCK_CAPTURE_AUTORELEASING = YES;
				CLANG_WARN_BOOL_CONVERSION = YES;
				CLANG_WARN_COMMA = YES;
				CLANG_WARN_CONSTANT_CONVERSION = YES;
				CLANG_WARN_DIRECT_OBJC_ISA_USAGE = YES_ERROR;
				CLANG_WARN_DOCUMENTATION_COMMENTS = YES;
				CLANG_WARN_EMPTY_BODY = YES;
				CLANG_WARN_ENUM_CONVERSION = YES;
				CLANG_WARN_INFINITE_RECURSION = YES;
				CLANG_WARN_INT_CONVERSION = YES;
				CLANG_WARN_NON_LITERAL_NULL_CONVERSION = YES;
				CLANG_WARN_OBJC_LITERAL_CONVERSION = YES;
				CLANG_WARN_OBJC_ROOT_CLASS = YES_ERROR;
				CLANG_WARN_RANGE_LOOP_ANALYSIS = YES;
				CLANG_WARN_STRICT_PROTOTYPES = YES;
				CLANG_WARN_SUSPICIOUS_MOVE = YES;
				CLANG_WARN_UNGUARDED_AVAILABILITY = YES_AGGRESSIVE;
				CLANG_WARN_UNREACHABLE_CODE = YES;
				CLANG_WARN__DUPLICATE_METHOD_MATCH = YES;
				CODE_SIGN_IDENTITY = "iPhone Developer";
				COPY_PHASE_STRIP = NO;
				DEBUG_INFORMATION_FORMAT = "dwarf-with-dsym";
				ENABLE_NS_ASSERTIONS = NO;
				ENABLE_STRICT_OBJC_MSGSEND = YES;
				GCC_C_LANGUAGE_STANDARD = gnu11;
				GCC_NO_COMMON_BLOCKS = YES;
				GCC_WARN_64_TO_32_BIT_CONVERSION = YES;
				GCC_WARN_ABOUT_RETURN_TYPE = YES_ERROR;
				GCC_WARN_UNDECLARED_SELECTOR = YES;
				GCC_WARN_UNINITIALIZED_AUTOS = YES_AGGRESSIVE;
				GCC_WARN_UNUSED_FUNCTION = YES;
				GCC_WARN_UNUSED_VARIABLE = YES;
				IPHONEOS_DEPLOYMENT_TARGET = 11.1;
				MTL_ENABLE_DEBUG_INFO = NO;
				SDKROOT = iphoneos;
				VALIDATE_PRODUCT = YES;
			};
			name = Release;
		};
		DA8751061FBF947F00438987 /* Debug */ = {
			isa = XCBuildConfiguration;
			buildSettings = {
				ASSETCATALOG_COMPILER_APPICON_NAME = AppIcon;
				CODE_SIGN_STYLE = Automatic;
				DEVELOPMENT_TEAM = 9T98QB7DLD;
				INFOPLIST_FILE = "LCBO App/Info.plist";
				LD_RUNPATH_SEARCH_PATHS = "$(inherited) @executable_path/Frameworks";
				PRODUCT_BUNDLE_IDENTIFIER = "com.Paul.LCBO-App";
				PRODUCT_NAME = "$(TARGET_NAME)";
				TARGETED_DEVICE_FAMILY = "1,2";
			};
			name = Debug;
		};
		DA8751071FBF947F00438987 /* Release */ = {
			isa = XCBuildConfiguration;
			buildSettings = {
				ASSETCATALOG_COMPILER_APPICON_NAME = AppIcon;
				CODE_SIGN_STYLE = Automatic;
				DEVELOPMENT_TEAM = 9T98QB7DLD;
				INFOPLIST_FILE = "LCBO App/Info.plist";
				LD_RUNPATH_SEARCH_PATHS = "$(inherited) @executable_path/Frameworks";
				PRODUCT_BUNDLE_IDENTIFIER = "com.Paul.LCBO-App";
				PRODUCT_NAME = "$(TARGET_NAME)";
				TARGETED_DEVICE_FAMILY = "1,2";
			};
			name = Release;
		};
/* End XCBuildConfiguration section */

/* Begin XCConfigurationList section */
		DA8750EA1FBF947E00438987 /* Build configuration list for PBXProject "LCBO App" */ = {
			isa = XCConfigurationList;
			buildConfigurations = (
				DA8751031FBF947F00438987 /* Debug */,
				DA8751041FBF947F00438987 /* Release */,
			);
			defaultConfigurationIsVisible = 0;
			defaultConfigurationName = Release;
		};
		DA8751051FBF947F00438987 /* Build configuration list for PBXNativeTarget "LCBO App" */ = {
			isa = XCConfigurationList;
			buildConfigurations = (
				DA8751061FBF947F00438987 /* Debug */,
				DA8751071FBF947F00438987 /* Release */,
			);
			defaultConfigurationIsVisible = 0;
			defaultConfigurationName = Release;
		};
/* End XCConfigurationList section */
	};
	rootObject = DA8750E71FBF947E00438987 /* Project object */;
}
